
Microsoft Visual Studio Solution File, Format Version 12.00
# Visual Studio Version 16
VisualStudioVersion = 16.0.29806.167
MinimumVisualStudioVersion = 10.0.40219.1
Project("{9A19103F-16F7-4668-BE54-9A1E7A4F7556}") = "FurnitureFactoryWebClient", "FurnitureFactoryWebClient\FurnitureFactoryWebClient.csproj", "{480F386C-F1D1-43CD-842D-4C8D2C9B1D02}"
EndProject
Project("{9A19103F-16F7-4668-BE54-9A1E7A4F7556}") = "FurnitureFactoryBusinessLogic", "FurnitureFactoryBusinessLogic\FurnitureFactoryBusinessLogic.csproj", "{7FAC84FC-7435-4FD1-958A-229C83B190A6}"
EndProject
Project("{FAE04EC0-301F-11D3-BF4B-00C04F79EFBC}") = "FurnitureFactoryDatabaseImplement", "FurnitureFactoryDatabaseImplement\FurnitureFactoryDatabaseImplement.csproj", "{400F7922-1DCE-4E21-84A8-5C3D1D5F1566}"
EndProject
Global
	GlobalSection(SolutionConfigurationPlatforms) = preSolution
		Debug|Any CPU = Debug|Any CPU
		Release|Any CPU = Release|Any CPU
	EndGlobalSection
	GlobalSection(ProjectConfigurationPlatforms) = postSolution
		{480F386C-F1D1-43CD-842D-4C8D2C9B1D02}.Debug|Any CPU.ActiveCfg = Debug|Any CPU
		{480F386C-F1D1-43CD-842D-4C8D2C9B1D02}.Debug|Any CPU.Build.0 = Debug|Any CPU
		{480F386C-F1D1-43CD-842D-4C8D2C9B1D02}.Release|Any CPU.ActiveCfg = Release|Any CPU
		{480F386C-F1D1-43CD-842D-4C8D2C9B1D02}.Release|Any CPU.Build.0 = Release|Any CPU
		{7FAC84FC-7435-4FD1-958A-229C83B190A6}.Debug|Any CPU.ActiveCfg = Debug|Any CPU
		{7FAC84FC-7435-4FD1-958A-229C83B190A6}.Debug|Any CPU.Build.0 = Debug|Any CPU
		{7FAC84FC-7435-4FD1-958A-229C83B190A6}.Release|Any CPU.ActiveCfg = Release|Any CPU
		{7FAC84FC-7435-4FD1-958A-229C83B190A6}.Release|Any CPU.Build.0 = Release|Any CPU
		{400F7922-1DCE-4E21-84A8-5C3D1D5F1566}.Debug|Any CPU.ActiveCfg = Debug|Any CPU
		{400F7922-1DCE-4E21-84A8-5C3D1D5F1566}.Debug|Any CPU.Build.0 = Debug|Any CPU
		{400F7922-1DCE-4E21-84A8-5C3D1D5F1566}.Release|Any CPU.ActiveCfg = Release|Any CPU
		{400F7922-1DCE-4E21-84A8-5C3D1D5F1566}.Release|Any CPU.Build.0 = Release|Any CPU
	EndGlobalSection
	GlobalSection(SolutionProperties) = preSolution
		HideSolutionNode = FALSE
	EndGlobalSection
	GlobalSection(ExtensibilityGlobals) = postSolution
		SolutionGuid = {F58CB5F2-A21D-44F3-A394-640C46990371}
	EndGlobalSection
EndGlobal
